
Microsoft Visual Studio Solution File, Format Version 12.00
# Visual Studio Version 18
VisualStudioVersion = 18.2.11415.280 d18.0
MinimumVisualStudioVersion = 10.0.40219.1
Project("{FAE04EC0-301F-11D3-BF4B-00C04F79EFBC}") = "Snap.Hutao.Remastered.FullTrust", "Snap.Hutao.Remastered.FullTrust\Snap.Hutao.Remastered.FullTrust.csproj", "{5F9D6228-8ABC-F9F8-0C55-D1BCEF4D5CCC}"
EndProject
Global
	GlobalSection(SolutionConfigurationPlatforms) = preSolution
		Debug|Any CPU = Debug|Any CPU
		Debug|x64 = Debug|x64
		Release|Any CPU = Release|Any CPU
		Release|x64 = Release|x64
	EndGlobalSection
	GlobalSection(ProjectConfigurationPlatforms) = postSolution
		{5F9D6228-8ABC-F9F8-0C55-D1BCEF4D5CCC}.Debug|Any CPU.ActiveCfg = Debug|Any CPU
		{5F9D6228-8ABC-F9F8-0C55-D1BCEF4D5CCC}.Debug|Any CPU.Build.0 = Debug|Any CPU
		{5F9D6228-8ABC-F9F8-0C55-D1BCEF4D5CCC}.Debug|x64.ActiveCfg = Debug|x64
		{5F9D6228-8ABC-F9F8-0C55-D1BCEF4D5CCC}.Debug|x64.Build.0 = Debug|x64
		{5F9D6228-8ABC-F9F8-0C55-D1BCEF4D5CCC}.Release|Any CPU.ActiveCfg = Release|Any CPU
		{5F9D6228-8ABC-F9F8-0C55-D1BCEF4D5CCC}.Release|Any CPU.Build.0 = Release|Any CPU
		{5F9D6228-8ABC-F9F8-0C55-D1BCEF4D5CCC}.Release|x64.ActiveCfg = Release|x64
		{5F9D6228-8ABC-F9F8-0C55-D1BCEF4D5CCC}.Release|x64.Build.0 = Release|x64
	EndGlobalSection
	GlobalSection(SolutionProperties) = preSolution
		HideSolutionNode = FALSE
	EndGlobalSection
	GlobalSection(ExtensibilityGlobals) = postSolution
		SolutionGuid = {070C430C-93AA-43C9-A2E9-A8841C338B7B}
	EndGlobalSection
EndGlobal
